
Microsoft Visual Studio Solution File, Format Version 12.00
# Visual Studio 14
VisualStudioVersion = 14.0.24720.0
MinimumVisualStudioVersion = 10.0.40219.1
Project("{FAE04EC0-301F-11D3-BF4B-00C04F79EFBC}") = "ConsoleApplication1", "ConsoleApplication1\ConsoleApplication1.csproj", "{91AB3993-C024-4A14-8C3C-0655346BEF27}"
EndProject
Project("{FAE04EC0-301F-11D3-BF4B-00C04F79EFBC}") = "ClassLibrary1", "ClassLibrary1\ClassLibrary1.csproj", "{3CF222C9-F529-4300-8763-18030450CF26}"
EndProject
Global
	GlobalSection(SolutionConfigurationPlatforms) = preSolution
		Debug|Any CPU = Debug|Any CPU
		Release|Any CPU = Release|Any CPU
	EndGlobalSection
	GlobalSection(ProjectConfigurationPlatforms) = postSolution
		{91AB3993-C024-4A14-8C3C-0655346BEF27}.Debug|Any CPU.ActiveCfg = Debug|Any CPU
		{91AB3993-C024-4A14-8C3C-0655346BEF27}.Debug|Any CPU.Build.0 = Debug|Any CPU
		{91AB3993-C024-4A14-8C3C-0655346BEF27}.Release|Any CPU.ActiveCfg = Release|Any CPU
		{91AB3993-C024-4A14-8C3C-0655346BEF27}.Release|Any CPU.Build.0 = Release|Any CPU
		{3CF222C9-F529-4300-8763-18030450CF26}.Debug|Any CPU.ActiveCfg = Debug|Any CPU
		{3CF222C9-F529-4300-8763-18030450CF26}.Debug|Any CPU.Build.0 = Debug|Any CPU
		{3CF222C9-F529-4300-8763-18030450CF26}.Release|Any CPU.ActiveCfg = Release|Any CPU
		{3CF222C9-F529-4300-8763-18030450CF26}.Release|Any CPU.Build.0 = Release|Any CPU
	EndGlobalSection
	GlobalSection(SolutionProperties) = preSolution
		HideSolutionNode = FALSE
	EndGlobalSection
EndGlobal
